
Microsoft Visual Studio Solution File, Format Version 12.00
# Visual Studio for Mac
Project("{FAE04EC0-301F-11D3-BF4B-00C04F79EFBC}") = "Assembly-CSharp", "Assembly-CSharp.csproj", "{FEF8788B-CE2F-52BE-8876-92A6A3609F87}"
EndProject
Project("{FAE04EC0-301F-11D3-BF4B-00C04F79EFBC}") = "Assembly-CSharp-Editor", "Assembly-CSharp-Editor.csproj", "{9E11315A-4229-3F64-F924-FDC6C79173C7}"
EndProject
Global
	GlobalSection(SolutionConfigurationPlatforms) = preSolution
		Debug|Any CPU = Debug|Any CPU
		Release|Any CPU = Release|Any CPU
	EndGlobalSection
	GlobalSection(ProjectConfigurationPlatforms) = postSolution
		{FEF8788B-CE2F-52BE-8876-92A6A3609F87}.Debug|Any CPU.ActiveCfg = Debug|Any CPU
		{FEF8788B-CE2F-52BE-8876-92A6A3609F87}.Debug|Any CPU.Build.0 = Debug|Any CPU
		{FEF8788B-CE2F-52BE-8876-92A6A3609F87}.Release|Any CPU.ActiveCfg = Release|Any CPU
		{FEF8788B-CE2F-52BE-8876-92A6A3609F87}.Release|Any CPU.Build.0 = Release|Any CPU
		{9E11315A-4229-3F64-F924-FDC6C79173C7}.Debug|Any CPU.ActiveCfg = Debug|Any CPU
		{9E11315A-4229-3F64-F924-FDC6C79173C7}.Debug|Any CPU.Build.0 = Debug|Any CPU
		{9E11315A-4229-3F64-F924-FDC6C79173C7}.Release|Any CPU.ActiveCfg = Release|Any CPU
		{9E11315A-4229-3F64-F924-FDC6C79173C7}.Release|Any CPU.Build.0 = Release|Any CPU
	EndGlobalSection
	GlobalSection(SolutionProperties) = preSolution
		HideSolutionNode = FALSE
	EndGlobalSection
EndGlobal
